
Microsoft Visual Studio Solution File, Format Version 12.00
# Visual Studio Version 17
VisualStudioVersion = 17.2.32526.322
MinimumVisualStudioVersion = 10.0.40219.1
Project("{FAE04EC0-301F-11D3-BF4B-00C04F79EFBC}") = "Lab5", "Lab5\Lab5.csproj", "{78F7B369-ECC0-44AB-B1A9-555DB3F8232D}"
EndProject
Global
	GlobalSection(SolutionConfigurationPlatforms) = preSolution
		Debug|Any CPU = Debug|Any CPU
		Release|Any CPU = Release|Any CPU
	EndGlobalSection
	GlobalSection(ProjectConfigurationPlatforms) = postSolution
		{78F7B369-ECC0-44AB-B1A9-555DB3F8232D}.Debug|Any CPU.ActiveCfg = Debug|Any CPU
		{78F7B369-ECC0-44AB-B1A9-555DB3F8232D}.Debug|Any CPU.Build.0 = Debug|Any CPU
		{78F7B369-ECC0-44AB-B1A9-555DB3F8232D}.Release|Any CPU.ActiveCfg = Release|Any CPU
		{78F7B369-ECC0-44AB-B1A9-555DB3F8232D}.Release|Any CPU.Build.0 = Release|Any CPU
	EndGlobalSection
	GlobalSection(SolutionProperties) = preSolution
		HideSolutionNode = FALSE
	EndGlobalSection
	GlobalSection(ExtensibilityGlobals) = postSolution
		SolutionGuid = {5C46FC04-CD6C-4B48-8B66-3D353E668EE1}
	EndGlobalSection
EndGlobal
